
Microsoft Visual Studio Solution File, Format Version 12.00
# Visual Studio Version 16
VisualStudioVersion = 16.0.29920.165
MinimumVisualStudioVersion = 10.0.40219.1
Project("{FAE04EC0-301F-11D3-BF4B-00C04F79EFBC}") = "SalesWebMvc", "SalesWebMvc\SalesWebMvc.csproj", "{D2BEF4BE-A717-4EF7-9557-204551358342}"
EndProject
Global
	GlobalSection(SolutionConfigurationPlatforms) = preSolution
		Debug|Any CPU = Debug|Any CPU
		Release|Any CPU = Release|Any CPU
	EndGlobalSection
	GlobalSection(ProjectConfigurationPlatforms) = postSolution
		{D2BEF4BE-A717-4EF7-9557-204551358342}.Debug|Any CPU.ActiveCfg = Debug|Any CPU
		{D2BEF4BE-A717-4EF7-9557-204551358342}.Debug|Any CPU.Build.0 = Debug|Any CPU
		{D2BEF4BE-A717-4EF7-9557-204551358342}.Release|Any CPU.ActiveCfg = Release|Any CPU
		{D2BEF4BE-A717-4EF7-9557-204551358342}.Release|Any CPU.Build.0 = Release|Any CPU
	EndGlobalSection
	GlobalSection(SolutionProperties) = preSolution
		HideSolutionNode = FALSE
	EndGlobalSection
	GlobalSection(ExtensibilityGlobals) = postSolution
		SolutionGuid = {BF66B3EB-8551-4EC2-8B6E-4025C1645CB2}
	EndGlobalSection
EndGlobal
